
Microsoft Visual Studio Solution File, Format Version 12.00
# Visual Studio 14
VisualStudioVersion = 14.0.25123.0
MinimumVisualStudioVersion = 10.0.40219.1
Project("{FAE04EC0-301F-11D3-BF4B-00C04F79EFBC}") = "Consumer", "Consumer\Consumer.csproj", "{F5A52EA1-2ACE-49DD-9657-C8CEC46FC92E}"
EndProject
Project("{FAE04EC0-301F-11D3-BF4B-00C04F79EFBC}") = "Producer", "Producer\Producer.csproj", "{73753AD3-3484-4174-89BD-3FCB8B5C28EA}"
EndProject
Project("{FAE04EC0-301F-11D3-BF4B-00C04F79EFBC}") = "Hangfire.MediatR", "Hangfire.MediatR\Hangfire.MediatR.csproj", "{E86EAFD7-A6A9-4ED4-8E66-2387B541611E}"
EndProject
Global
	GlobalSection(SolutionConfigurationPlatforms) = preSolution
		Debug|Any CPU = Debug|Any CPU
		Release|Any CPU = Release|Any CPU
	EndGlobalSection
	GlobalSection(ProjectConfigurationPlatforms) = postSolution
		{F5A52EA1-2ACE-49DD-9657-C8CEC46FC92E}.Debug|Any CPU.ActiveCfg = Debug|Any CPU
		{F5A52EA1-2ACE-49DD-9657-C8CEC46FC92E}.Debug|Any CPU.Build.0 = Debug|Any CPU
		{F5A52EA1-2ACE-49DD-9657-C8CEC46FC92E}.Release|Any CPU.ActiveCfg = Release|Any CPU
		{F5A52EA1-2ACE-49DD-9657-C8CEC46FC92E}.Release|Any CPU.Build.0 = Release|Any CPU
		{73753AD3-3484-4174-89BD-3FCB8B5C28EA}.Debug|Any CPU.ActiveCfg = Debug|Any CPU
		{73753AD3-3484-4174-89BD-3FCB8B5C28EA}.Debug|Any CPU.Build.0 = Debug|Any CPU
		{73753AD3-3484-4174-89BD-3FCB8B5C28EA}.Release|Any CPU.ActiveCfg = Release|Any CPU
		{73753AD3-3484-4174-89BD-3FCB8B5C28EA}.Release|Any CPU.Build.0 = Release|Any CPU
		{E86EAFD7-A6A9-4ED4-8E66-2387B541611E}.Debug|Any CPU.ActiveCfg = Debug|Any CPU
		{E86EAFD7-A6A9-4ED4-8E66-2387B541611E}.Debug|Any CPU.Build.0 = Debug|Any CPU
		{E86EAFD7-A6A9-4ED4-8E66-2387B541611E}.Release|Any CPU.ActiveCfg = Release|Any CPU
		{E86EAFD7-A6A9-4ED4-8E66-2387B541611E}.Release|Any CPU.Build.0 = Release|Any CPU
	EndGlobalSection
	GlobalSection(SolutionProperties) = preSolution
		HideSolutionNode = FALSE
	EndGlobalSection
EndGlobal
